
Microsoft Visual Studio Solution File, Format Version 12.00
# Visual Studio Version 17
VisualStudioVersion = 17.1.32421.90
MinimumVisualStudioVersion = 10.0.40219.1
Project("{8BC9CEB8-8B4A-11D0-8D11-00A0C91BC942}") = "20220519_practice", "20220519_practice\20220519_practice.vcxproj", "{F640B1B8-9321-41DB-876B-36A866D7A377}"
EndProject
Global
	GlobalSection(SolutionConfigurationPlatforms) = preSolution
		Debug|x64 = Debug|x64
		Debug|x86 = Debug|x86
		Release|x64 = Release|x64
		Release|x86 = Release|x86
	EndGlobalSection
	GlobalSection(ProjectConfigurationPlatforms) = postSolution
		{F640B1B8-9321-41DB-876B-36A866D7A377}.Debug|x64.ActiveCfg = Debug|x64
		{F640B1B8-9321-41DB-876B-36A866D7A377}.Debug|x64.Build.0 = Debug|x64
		{F640B1B8-9321-41DB-876B-36A866D7A377}.Debug|x86.ActiveCfg = Debug|Win32
		{F640B1B8-9321-41DB-876B-36A866D7A377}.Debug|x86.Build.0 = Debug|Win32
		{F640B1B8-9321-41DB-876B-36A866D7A377}.Release|x64.ActiveCfg = Release|x64
		{F640B1B8-9321-41DB-876B-36A866D7A377}.Release|x64.Build.0 = Release|x64
		{F640B1B8-9321-41DB-876B-36A866D7A377}.Release|x86.ActiveCfg = Release|Win32
		{F640B1B8-9321-41DB-876B-36A866D7A377}.Release|x86.Build.0 = Release|Win32
	EndGlobalSection
	GlobalSection(SolutionProperties) = preSolution
		HideSolutionNode = FALSE
	EndGlobalSection
	GlobalSection(ExtensibilityGlobals) = postSolution
		SolutionGuid = {1A539E13-F255-48EB-84D2-EE5C5C49B48D}
	EndGlobalSection
EndGlobal
